
Microsoft Visual Studio Solution File, Format Version 12.00
# Visual Studio 15
VisualStudioVersion = 15.0.28307.106
MinimumVisualStudioVersion = 10.0.40219.1
Project("{FAE04EC0-301F-11D3-BF4B-00C04F79EFBC}") = "StopWatch-ConsoleApp", "StopWatch-ConsoleApp\StopWatch-ConsoleApp.csproj", "{F7F303E8-DAA0-47A3-9E47-94C65D08789A}"
EndProject
Global
	GlobalSection(SolutionConfigurationPlatforms) = preSolution
		Debug|Any CPU = Debug|Any CPU
		Release|Any CPU = Release|Any CPU
	EndGlobalSection
	GlobalSection(ProjectConfigurationPlatforms) = postSolution
		{F7F303E8-DAA0-47A3-9E47-94C65D08789A}.Debug|Any CPU.ActiveCfg = Debug|Any CPU
		{F7F303E8-DAA0-47A3-9E47-94C65D08789A}.Debug|Any CPU.Build.0 = Debug|Any CPU
		{F7F303E8-DAA0-47A3-9E47-94C65D08789A}.Release|Any CPU.ActiveCfg = Release|Any CPU
		{F7F303E8-DAA0-47A3-9E47-94C65D08789A}.Release|Any CPU.Build.0 = Release|Any CPU
	EndGlobalSection
	GlobalSection(SolutionProperties) = preSolution
		HideSolutionNode = FALSE
	EndGlobalSection
	GlobalSection(ExtensibilityGlobals) = postSolution
		SolutionGuid = {5E98F0E6-E054-4A2F-AEF7-A2B8F62C3B04}
	EndGlobalSection
EndGlobal
