
Microsoft Visual Studio Solution File, Format Version 12.00
# Visual Studio 15
VisualStudioVersion = 15.0.28010.2050
MinimumVisualStudioVersion = 10.0.40219.1
Project("{FAE04EC0-301F-11D3-BF4B-00C04F79EFBC}") = "Classes", "Classes\Classes.csproj", "{2AF7461A-98B7-4018-9187-3781C50C8621}"
EndProject
Project("{FAE04EC0-301F-11D3-BF4B-00C04F79EFBC}") = "Constructors", "Constructors\Constructors.csproj", "{833ABEB4-0F51-4E37-995F-4E1FCE808119}"
EndProject
Project("{FAE04EC0-301F-11D3-BF4B-00C04F79EFBC}") = "Methods", "Methods\Methods.csproj", "{BC38B6F4-89A0-4621-8632-D15CC3D7740C}"
EndProject
Project("{FAE04EC0-301F-11D3-BF4B-00C04F79EFBC}") = "Fields", "Fields\Fields.csproj", "{2D4B5CE5-548D-4C20-B3FF-FC763FF07531}"
EndProject
Project("{FAE04EC0-301F-11D3-BF4B-00C04F79EFBC}") = "AccessModifiers", "AccessModifiers\AccessModifiers.csproj", "{D45D0635-8496-4D91-81CA-60BA7837C992}"
EndProject
Project("{FAE04EC0-301F-11D3-BF4B-00C04F79EFBC}") = "Properties", "Properties\Properties.csproj", "{C132F066-D864-4509-BF82-4C05FA8CFF6D}"
EndProject
Project("{FAE04EC0-301F-11D3-BF4B-00C04F79EFBC}") = "Indexers", "Indexers\Indexers.csproj", "{9C7BB32D-87AF-4BE3-9ABD-EED2E05A8207}"
EndProject
Project("{FAE04EC0-301F-11D3-BF4B-00C04F79EFBC}") = "Inheritance", "Inheritance\Inheritance.csproj", "{B164A5EE-FFBE-44E0-940D-23CAE72996F3}"
EndProject
Project("{FAE04EC0-301F-11D3-BF4B-00C04F79EFBC}") = "Composition", "Composition\Composition.csproj", "{8C38C55F-F123-4D1D-A460-C065B5121C20}"
EndProject
Project("{FAE04EC0-301F-11D3-BF4B-00C04F79EFBC}") = "ConstructorsandInheritance", "ConstructorsandInheritance\ConstructorsandInheritance.csproj", "{0DDE0497-D562-403C-B9E8-D3A424F01AA7}"
EndProject
Project("{FAE04EC0-301F-11D3-BF4B-00C04F79EFBC}") = "Casting", "Casting\Casting.csproj", "{B2D18430-E497-4303-8B16-A82261923117}"
EndProject
Project("{FAE04EC0-301F-11D3-BF4B-00C04F79EFBC}") = "MethodOverriding", "MethodOverriding\MethodOverriding.csproj", "{6443852C-7453-4CEA-A72E-02E3237F4815}"
EndProject
Project("{FAE04EC0-301F-11D3-BF4B-00C04F79EFBC}") = "AbstractClasses", "AbstractClasses\AbstractClasses.csproj", "{D87364B0-88AE-411A-9563-AA11E56D1213}"
EndProject
Project("{FAE04EC0-301F-11D3-BF4B-00C04F79EFBC}") = "Testability", "Testability\Testability.csproj", "{7766159B-C81D-4455-B455-120B58867DDF}"
EndProject
Project("{FAE04EC0-301F-11D3-BF4B-00C04F79EFBC}") = "Testability.UnitTests", "Testability.UnitTests\Testability.UnitTests.csproj", "{F8CE97B3-353F-45EA-B606-A0DDADDA374B}"
EndProject
Project("{FAE04EC0-301F-11D3-BF4B-00C04F79EFBC}") = "Extensibility", "Extensibility\Extensibility.csproj", "{0003BD13-A2AE-4390-B98A-78D420A0A98A}"
EndProject
Global
	GlobalSection(SolutionConfigurationPlatforms) = preSolution
		Debug|Any CPU = Debug|Any CPU
		Release|Any CPU = Release|Any CPU
	EndGlobalSection
	GlobalSection(ProjectConfigurationPlatforms) = postSolution
		{2AF7461A-98B7-4018-9187-3781C50C8621}.Debug|Any CPU.ActiveCfg = Debug|Any CPU
		{2AF7461A-98B7-4018-9187-3781C50C8621}.Debug|Any CPU.Build.0 = Debug|Any CPU
		{2AF7461A-98B7-4018-9187-3781C50C8621}.Release|Any CPU.ActiveCfg = Release|Any CPU
		{2AF7461A-98B7-4018-9187-3781C50C8621}.Release|Any CPU.Build.0 = Release|Any CPU
		{833ABEB4-0F51-4E37-995F-4E1FCE808119}.Debug|Any CPU.ActiveCfg = Debug|Any CPU
		{833ABEB4-0F51-4E37-995F-4E1FCE808119}.Debug|Any CPU.Build.0 = Debug|Any CPU
		{833ABEB4-0F51-4E37-995F-4E1FCE808119}.Release|Any CPU.ActiveCfg = Release|Any CPU
		{833ABEB4-0F51-4E37-995F-4E1FCE808119}.Release|Any CPU.Build.0 = Release|Any CPU
		{BC38B6F4-89A0-4621-8632-D15CC3D7740C}.Debug|Any CPU.ActiveCfg = Debug|Any CPU
		{BC38B6F4-89A0-4621-8632-D15CC3D7740C}.Debug|Any CPU.Build.0 = Debug|Any CPU
		{BC38B6F4-89A0-4621-8632-D15CC3D7740C}.Release|Any CPU.ActiveCfg = Release|Any CPU
		{BC38B6F4-89A0-4621-8632-D15CC3D7740C}.Release|Any CPU.Build.0 = Release|Any CPU
		{2D4B5CE5-548D-4C20-B3FF-FC763FF07531}.Debug|Any CPU.ActiveCfg = Debug|Any CPU
		{2D4B5CE5-548D-4C20-B3FF-FC763FF07531}.Debug|Any CPU.Build.0 = Debug|Any CPU
		{2D4B5CE5-548D-4C20-B3FF-FC763FF07531}.Release|Any CPU.ActiveCfg = Release|Any CPU
		{2D4B5CE5-548D-4C20-B3FF-FC763FF07531}.Release|Any CPU.Build.0 = Release|Any CPU
		{D45D0635-8496-4D91-81CA-60BA7837C992}.Debug|Any CPU.ActiveCfg = Debug|Any CPU
		{D45D0635-8496-4D91-81CA-60BA7837C992}.Debug|Any CPU.Build.0 = Debug|Any CPU
		{D45D0635-8496-4D91-81CA-60BA7837C992}.Release|Any CPU.ActiveCfg = Release|Any CPU
		{D45D0635-8496-4D91-81CA-60BA7837C992}.Release|Any CPU.Build.0 = Release|Any CPU
		{C132F066-D864-4509-BF82-4C05FA8CFF6D}.Debug|Any CPU.ActiveCfg = Debug|Any CPU
		{C132F066-D864-4509-BF82-4C05FA8CFF6D}.Debug|Any CPU.Build.0 = Debug|Any CPU
		{C132F066-D864-4509-BF82-4C05FA8CFF6D}.Release|Any CPU.ActiveCfg = Release|Any CPU
		{C132F066-D864-4509-BF82-4C05FA8CFF6D}.Release|Any CPU.Build.0 = Release|Any CPU
		{9C7BB32D-87AF-4BE3-9ABD-EED2E05A8207}.Debug|Any CPU.ActiveCfg = Debug|Any CPU
		{9C7BB32D-87AF-4BE3-9ABD-EED2E05A8207}.Debug|Any CPU.Build.0 = Debug|Any CPU
		{9C7BB32D-87AF-4BE3-9ABD-EED2E05A8207}.Release|Any CPU.ActiveCfg = Release|Any CPU
		{9C7BB32D-87AF-4BE3-9ABD-EED2E05A8207}.Release|Any CPU.Build.0 = Release|Any CPU
		{B164A5EE-FFBE-44E0-940D-23CAE72996F3}.Debug|Any CPU.ActiveCfg = Debug|Any CPU
		{B164A5EE-FFBE-44E0-940D-23CAE72996F3}.Debug|Any CPU.Build.0 = Debug|Any CPU
		{B164A5EE-FFBE-44E0-940D-23CAE72996F3}.Release|Any CPU.ActiveCfg = Release|Any CPU
		{B164A5EE-FFBE-44E0-940D-23CAE72996F3}.Release|Any CPU.Build.0 = Release|Any CPU
		{8C38C55F-F123-4D1D-A460-C065B5121C20}.Debug|Any CPU.ActiveCfg = Debug|Any CPU
		{8C38C55F-F123-4D1D-A460-C065B5121C20}.Debug|Any CPU.Build.0 = Debug|Any CPU
		{8C38C55F-F123-4D1D-A460-C065B5121C20}.Release|Any CPU.ActiveCfg = Release|Any CPU
		{8C38C55F-F123-4D1D-A460-C065B5121C20}.Release|Any CPU.Build.0 = Release|Any CPU
		{0DDE0497-D562-403C-B9E8-D3A424F01AA7}.Debug|Any CPU.ActiveCfg = Debug|Any CPU
		{0DDE0497-D562-403C-B9E8-D3A424F01AA7}.Debug|Any CPU.Build.0 = Debug|Any CPU
		{0DDE0497-D562-403C-B9E8-D3A424F01AA7}.Release|Any CPU.ActiveCfg = Release|Any CPU
		{0DDE0497-D562-403C-B9E8-D3A424F01AA7}.Release|Any CPU.Build.0 = Release|Any CPU
		{B2D18430-E497-4303-8B16-A82261923117}.Debug|Any CPU.ActiveCfg = Debug|Any CPU
		{B2D18430-E497-4303-8B16-A82261923117}.Debug|Any CPU.Build.0 = Debug|Any CPU
		{B2D18430-E497-4303-8B16-A82261923117}.Release|Any CPU.ActiveCfg = Release|Any CPU
		{B2D18430-E497-4303-8B16-A82261923117}.Release|Any CPU.Build.0 = Release|Any CPU
		{6443852C-7453-4CEA-A72E-02E3237F4815}.Debug|Any CPU.ActiveCfg = Debug|Any CPU
		{6443852C-7453-4CEA-A72E-02E3237F4815}.Debug|Any CPU.Build.0 = Debug|Any CPU
		{6443852C-7453-4CEA-A72E-02E3237F4815}.Release|Any CPU.ActiveCfg = Release|Any CPU
		{6443852C-7453-4CEA-A72E-02E3237F4815}.Release|Any CPU.Build.0 = Release|Any CPU
		{D87364B0-88AE-411A-9563-AA11E56D1213}.Debug|Any CPU.ActiveCfg = Debug|Any CPU
		{D87364B0-88AE-411A-9563-AA11E56D1213}.Debug|Any CPU.Build.0 = Debug|Any CPU
		{D87364B0-88AE-411A-9563-AA11E56D1213}.Release|Any CPU.ActiveCfg = Release|Any CPU
		{D87364B0-88AE-411A-9563-AA11E56D1213}.Release|Any CPU.Build.0 = Release|Any CPU
		{7766159B-C81D-4455-B455-120B58867DDF}.Debug|Any CPU.ActiveCfg = Debug|Any CPU
		{7766159B-C81D-4455-B455-120B58867DDF}.Debug|Any CPU.Build.0 = Debug|Any CPU
		{7766159B-C81D-4455-B455-120B58867DDF}.Release|Any CPU.ActiveCfg = Release|Any CPU
		{7766159B-C81D-4455-B455-120B58867DDF}.Release|Any CPU.Build.0 = Release|Any CPU
		{F8CE97B3-353F-45EA-B606-A0DDADDA374B}.Debug|Any CPU.ActiveCfg = Debug|Any CPU
		{F8CE97B3-353F-45EA-B606-A0DDADDA374B}.Debug|Any CPU.Build.0 = Debug|Any CPU
		{F8CE97B3-353F-45EA-B606-A0DDADDA374B}.Release|Any CPU.ActiveCfg = Release|Any CPU
		{F8CE97B3-353F-45EA-B606-A0DDADDA374B}.Release|Any CPU.Build.0 = Release|Any CPU
		{0003BD13-A2AE-4390-B98A-78D420A0A98A}.Debug|Any CPU.ActiveCfg = Debug|Any CPU
		{0003BD13-A2AE-4390-B98A-78D420A0A98A}.Debug|Any CPU.Build.0 = Debug|Any CPU
		{0003BD13-A2AE-4390-B98A-78D420A0A98A}.Release|Any CPU.ActiveCfg = Release|Any CPU
		{0003BD13-A2AE-4390-B98A-78D420A0A98A}.Release|Any CPU.Build.0 = Release|Any CPU
	EndGlobalSection
	GlobalSection(SolutionProperties) = preSolution
		HideSolutionNode = FALSE
	EndGlobalSection
	GlobalSection(ExtensibilityGlobals) = postSolution
		SolutionGuid = {DDFA869B-9FAD-457E-82DF-5E62CD2C31CC}
	EndGlobalSection
EndGlobal
