
Microsoft Visual Studio Solution File, Format Version 12.00
# Visual Studio 15
VisualStudioVersion = 15.0.28010.2046
MinimumVisualStudioVersion = 10.0.40219.1
Project("{FAE04EC0-301F-11D3-BF4B-00C04F79EFBC}") = "NumberGuesser", "NumberGuesser\NumberGuesser.csproj", "{096C1C95-6CED-4B30-B4FF-6972EFC53E37}"
EndProject
Global
	GlobalSection(SolutionConfigurationPlatforms) = preSolution
		Debug|Any CPU = Debug|Any CPU
		Release|Any CPU = Release|Any CPU
	EndGlobalSection
	GlobalSection(ProjectConfigurationPlatforms) = postSolution
		{096C1C95-6CED-4B30-B4FF-6972EFC53E37}.Debug|Any CPU.ActiveCfg = Debug|Any CPU
		{096C1C95-6CED-4B30-B4FF-6972EFC53E37}.Debug|Any CPU.Build.0 = Debug|Any CPU
		{096C1C95-6CED-4B30-B4FF-6972EFC53E37}.Release|Any CPU.ActiveCfg = Release|Any CPU
		{096C1C95-6CED-4B30-B4FF-6972EFC53E37}.Release|Any CPU.Build.0 = Release|Any CPU
	EndGlobalSection
	GlobalSection(SolutionProperties) = preSolution
		HideSolutionNode = FALSE
	EndGlobalSection
	GlobalSection(ExtensibilityGlobals) = postSolution
		SolutionGuid = {0151B784-847B-44E4-AA4C-EB24CAABB324}
	EndGlobalSection
EndGlobal
